
Microsoft Visual Studio Solution File, Format Version 12.00
# Visual Studio Version 17
VisualStudioVersion = 17.0.32112.339
MinimumVisualStudioVersion = 10.0.40219.1
Project("{FAE04EC0-301F-11D3-BF4B-00C04F79EFBC}") = "01.BlackFriday", "01.BlackFriday\01.BlackFriday.csproj", "{CE0E1E32-9657-4C13-A4A2-37A456E7AEBC}"
EndProject
Global
	GlobalSection(SolutionConfigurationPlatforms) = preSolution
		Debug|Any CPU = Debug|Any CPU
		Release|Any CPU = Release|Any CPU
	EndGlobalSection
	GlobalSection(ProjectConfigurationPlatforms) = postSolution
		{CE0E1E32-9657-4C13-A4A2-37A456E7AEBC}.Debug|Any CPU.ActiveCfg = Debug|Any CPU
		{CE0E1E32-9657-4C13-A4A2-37A456E7AEBC}.Debug|Any CPU.Build.0 = Debug|Any CPU
		{CE0E1E32-9657-4C13-A4A2-37A456E7AEBC}.Release|Any CPU.ActiveCfg = Release|Any CPU
		{CE0E1E32-9657-4C13-A4A2-37A456E7AEBC}.Release|Any CPU.Build.0 = Release|Any CPU
	EndGlobalSection
	GlobalSection(SolutionProperties) = preSolution
		HideSolutionNode = FALSE
	EndGlobalSection
	GlobalSection(ExtensibilityGlobals) = postSolution
		SolutionGuid = {5E554669-1628-440F-B6D0-C6D260408B84}
	EndGlobalSection
EndGlobal
